
Microsoft Visual Studio Solution File, Format Version 10.00
# Visual Studio 2008
Project("{FAE04EC0-301F-11D3-BF4B-00C04F79EFBC}") = "Statistiks.Lib", "Statistiks.Lib\Statistiks.Lib.csproj", "{21CB55DD-21EB-4393-B20E-8A5DE4A00518}"
EndProject
Project("{FAE04EC0-301F-11D3-BF4B-00C04F79EFBC}") = "Statistiks.Report", "Statistiks.Report\Statistiks.Report.csproj", "{CFDA8808-C0AD-41F8-B91C-939BB4ABEBC2}"
EndProject
Project("{FAE04EC0-301F-11D3-BF4B-00C04F79EFBC}") = "Statistiks.App", "Statistiks.App\Statistiks.App.csproj", "{68687900-D5B1-49C1-9E80-450789F2412B}"
EndProject
Global
	GlobalSection(SolutionConfigurationPlatforms) = preSolution
		Debug|Any CPU = Debug|Any CPU
		Release|Any CPU = Release|Any CPU
	EndGlobalSection
	GlobalSection(ProjectConfigurationPlatforms) = postSolution
		{21CB55DD-21EB-4393-B20E-8A5DE4A00518}.Debug|Any CPU.ActiveCfg = Debug|Any CPU
		{21CB55DD-21EB-4393-B20E-8A5DE4A00518}.Debug|Any CPU.Build.0 = Debug|Any CPU
		{21CB55DD-21EB-4393-B20E-8A5DE4A00518}.Release|Any CPU.ActiveCfg = Release|Any CPU
		{21CB55DD-21EB-4393-B20E-8A5DE4A00518}.Release|Any CPU.Build.0 = Release|Any CPU
		{CFDA8808-C0AD-41F8-B91C-939BB4ABEBC2}.Debug|Any CPU.ActiveCfg = Debug|Any CPU
		{CFDA8808-C0AD-41F8-B91C-939BB4ABEBC2}.Debug|Any CPU.Build.0 = Debug|Any CPU
		{CFDA8808-C0AD-41F8-B91C-939BB4ABEBC2}.Release|Any CPU.ActiveCfg = Release|Any CPU
		{CFDA8808-C0AD-41F8-B91C-939BB4ABEBC2}.Release|Any CPU.Build.0 = Release|Any CPU
		{68687900-D5B1-49C1-9E80-450789F2412B}.Debug|Any CPU.ActiveCfg = Debug|Any CPU
		{68687900-D5B1-49C1-9E80-450789F2412B}.Debug|Any CPU.Build.0 = Debug|Any CPU
		{68687900-D5B1-49C1-9E80-450789F2412B}.Release|Any CPU.ActiveCfg = Release|Any CPU
		{68687900-D5B1-49C1-9E80-450789F2412B}.Release|Any CPU.Build.0 = Release|Any CPU
	EndGlobalSection
	GlobalSection(SolutionProperties) = preSolution
		HideSolutionNode = FALSE
	EndGlobalSection
EndGlobal
